
Microsoft Visual Studio Solution File, Format Version 12.00
# Visual Studio Version 18
VisualStudioVersion = 18.0.11222.15 d18.0
MinimumVisualStudioVersion = 10.0.40219.1
Project("{FAE04EC0-301F-11D3-BF4B-00C04F79EFBC}") = "kpfw", "kpfw\kpfw.csproj", "{5ED12C5E-E9FB-4CD5-BCE8-5AA616CC6235}"
EndProject
Global
	GlobalSection(SolutionConfigurationPlatforms) = preSolution
		Debug|Any CPU = Debug|Any CPU
		Release|Any CPU = Release|Any CPU
	EndGlobalSection
	GlobalSection(ProjectConfigurationPlatforms) = postSolution
		{5ED12C5E-E9FB-4CD5-BCE8-5AA616CC6235}.Debug|Any CPU.ActiveCfg = Debug|Any CPU
		{5ED12C5E-E9FB-4CD5-BCE8-5AA616CC6235}.Debug|Any CPU.Build.0 = Debug|Any CPU
		{5ED12C5E-E9FB-4CD5-BCE8-5AA616CC6235}.Release|Any CPU.ActiveCfg = Release|Any CPU
		{5ED12C5E-E9FB-4CD5-BCE8-5AA616CC6235}.Release|Any CPU.Build.0 = Release|Any CPU
	EndGlobalSection
	GlobalSection(SolutionProperties) = preSolution
		HideSolutionNode = FALSE
	EndGlobalSection
	GlobalSection(ExtensibilityGlobals) = postSolution
		SolutionGuid = {7DA8067A-92BF-4064-84DE-0D19C437A81A}
	EndGlobalSection
EndGlobal
